
Microsoft Visual Studio Solution File, Format Version 12.00
# Visual Studio Version 17
VisualStudioVersion = 17.10.35122.118
MinimumVisualStudioVersion = 10.0.40219.1
Project("{FAE04EC0-301F-11D3-BF4B-00C04F79EFBC}") = "Senac.Calculadora", "Senac.Calculadora.csproj", "{14B9D4DA-BF87-4BD8-A50D-D070DEBDD800}"
EndProject
Global
	GlobalSection(SolutionConfigurationPlatforms) = preSolution
		Debug|Any CPU = Debug|Any CPU
		Release|Any CPU = Release|Any CPU
	EndGlobalSection
	GlobalSection(ProjectConfigurationPlatforms) = postSolution
		{14B9D4DA-BF87-4BD8-A50D-D070DEBDD800}.Debug|Any CPU.ActiveCfg = Debug|Any CPU
		{14B9D4DA-BF87-4BD8-A50D-D070DEBDD800}.Debug|Any CPU.Build.0 = Debug|Any CPU
		{14B9D4DA-BF87-4BD8-A50D-D070DEBDD800}.Release|Any CPU.ActiveCfg = Release|Any CPU
		{14B9D4DA-BF87-4BD8-A50D-D070DEBDD800}.Release|Any CPU.Build.0 = Release|Any CPU
	EndGlobalSection
	GlobalSection(SolutionProperties) = preSolution
		HideSolutionNode = FALSE
	EndGlobalSection
	GlobalSection(ExtensibilityGlobals) = postSolution
		SolutionGuid = {263A7430-AF27-4BCA-B489-E5792858BD35}
	EndGlobalSection
EndGlobal
